<?xml version="1.0" encoding="utf-8"?>
<Project ToolsVersion="4.0" xmlns="http://schemas.microsoft.com/developer/msbuild/2003">
  <ItemGroup>
    <Filter Include="Source Files"><UniqueIdentifier>{4FC737F1-C7A5-4376-A066-2A32D752A2FF}</UniqueIdentifier><Extensions>c;cpp</Extensions></Filter>
    <Filter Include="Header Files"><UniqueIdentifier>{93995380-89BD-4B04-88EB-625FBE52EBFB}</UniqueIdentifier><Extensions>h</Extensions></Filter>
    <Filter Include="Resource Files"><UniqueIdentifier>{67DA6AB6-F800-4C08-8B7A-83BB121AAD01}</UniqueIdentifier><Extensions>rc;inf</Extensions></Filter>
  </ItemGroup>
  <ItemGroup>
    <ClInclude Include="Driver64.h"><Filter>Header Files</Filter></ClInclude>
    <ClInclude Include="DriverGuard64.h"><Filter>Header Files</Filter></ClInclude>
    <ClInclude Include="IoCtl.h"><Filter>Header Files</Filter></ClInclude>
    <ClInclude Include="IoStructs.h"><Filter>Header Files</Filter></ClInclude>
    <ClInclude Include="Protection64.h"><Filter>Header Files</Filter></ClInclude>
    <ClInclude Include="resource.h"><Filter>Header Files</Filter></ClInclude>
  </ItemGroup>
  <ItemGroup>
    <ClCompile Include="Driver64.c"><Filter>Source Files</Filter></ClCompile>
    <ClCompile Include="DriverGuard64.c"><Filter>Source Files</Filter></ClCompile>
    <ClCompile Include="Protection64.c"><Filter>Source Files</Filter></ClCompile>
  </ItemGroup>
  <ItemGroup>
    <ResourceCompile Include="JiYuTrainerDriver64.rc"><Filter>Resource Files</Filter></ResourceCompile>
    <Inf Include="JiYuTrainerDriver.inf"><Filter>Resource Files</Filter></Inf>
  </ItemGroup>
</Project>
